
Microsoft Visual Studio Solution File, Format Version 12.00
# Visual Studio Version 17
VisualStudioVersion = 17.3.32929.385
MinimumVisualStudioVersion = 10.0.40219.1
Project("{2150E333-8FDC-42A3-9474-1A3956D46DE8}") = "0. Solution Items", "0. Solution Items", "{33FA64F3-C5BF-4B44-9FDE-1AB72CA30EAC}"
	ProjectSection(SolutionItems) = preProject
		README.md = README.md
	EndProjectSection
EndProject
Project("{2150E333-8FDC-42A3-9474-1A3956D46DE8}") = "1. Infrastructure", "1. Infrastructure", "{F86E5B45-C43B-4E0F-B86B-62D585526BC4}"
EndProject
Project("{2150E333-8FDC-42A3-9474-1A3956D46DE8}") = "2. Domain", "2. Domain", "{A0D6282E-0213-4E73-8790-01812696AC3C}"
EndProject
Project("{2150E333-8FDC-42A3-9474-1A3956D46DE8}") = "3. Host", "3. Host", "{D81E41AE-48B9-4066-9665-3E3BBE7E380B}"
EndProject
Project("{9A19103F-16F7-4668-BE54-9A1E7A4F7556}") = "eIMIC223925.DATA", "eIMIC223925.DATA\eIMIC223925.DATA.csproj", "{587A361F-051F-45C1-9CBE-E400830E509A}"
EndProject
Project("{9A19103F-16F7-4668-BE54-9A1E7A4F7556}") = "eIMIC223925.Application", "eIMIC223925.Application\eIMIC223925.Application.csproj", "{87BB3ECA-3186-4CD3-B967-1671C4EB151E}"
EndProject
Project("{9A19103F-16F7-4668-BE54-9A1E7A4F7556}") = "eIMIC223925.ViewModels", "eIMIC223925.ViewModels\eIMIC223925.ViewModels.csproj", "{E76F45E2-56D2-46CF-A8E2-DE77C8AF6E81}"
EndProject
Project("{9A19103F-16F7-4668-BE54-9A1E7A4F7556}") = "eIMIC223925.BackendAPI", "eIMIC223925.BackendAPI\eIMIC223925.BackendAPI.csproj", "{2450B5DA-2E9D-4993-83C3-55586F490300}"
EndProject
Project("{9A19103F-16F7-4668-BE54-9A1E7A4F7556}") = "eIMIC223925.Utilities", "eIMIC223925.Utilities\eIMIC223925.Utilities.csproj", "{D5093FD5-F023-443A-86F8-B5A39A14560E}"
EndProject
Project("{FAE04EC0-301F-11D3-BF4B-00C04F79EFBC}") = "eIMIC223925.WebApp", "eIMIC223925.WebApp\eIMIC223925.WebApp.csproj", "{23F939B8-506D-46F1-963D-7030E6A7AAE3}"
EndProject
Project("{FAE04EC0-301F-11D3-BF4B-00C04F79EFBC}") = "eIMIC223925.WebAdmin", "eIMIC223925.WebAdmin\eIMIC223925.WebAdmin.csproj", "{8388B302-B856-4BE1-98E7-901C9F8A0BE3}"
EndProject
Global
	GlobalSection(SolutionConfigurationPlatforms) = preSolution
		Debug|Any CPU = Debug|Any CPU
		Release|Any CPU = Release|Any CPU
	EndGlobalSection
	GlobalSection(ProjectConfigurationPlatforms) = postSolution
		{587A361F-051F-45C1-9CBE-E400830E509A}.Debug|Any CPU.ActiveCfg = Debug|Any CPU
		{587A361F-051F-45C1-9CBE-E400830E509A}.Debug|Any CPU.Build.0 = Debug|Any CPU
		{587A361F-051F-45C1-9CBE-E400830E509A}.Release|Any CPU.ActiveCfg = Release|Any CPU
		{587A361F-051F-45C1-9CBE-E400830E509A}.Release|Any CPU.Build.0 = Release|Any CPU
		{87BB3ECA-3186-4CD3-B967-1671C4EB151E}.Debug|Any CPU.ActiveCfg = Debug|Any CPU
		{87BB3ECA-3186-4CD3-B967-1671C4EB151E}.Debug|Any CPU.Build.0 = Debug|Any CPU
		{87BB3ECA-3186-4CD3-B967-1671C4EB151E}.Release|Any CPU.ActiveCfg = Release|Any CPU
		{87BB3ECA-3186-4CD3-B967-1671C4EB151E}.Release|Any CPU.Build.0 = Release|Any CPU
		{E76F45E2-56D2-46CF-A8E2-DE77C8AF6E81}.Debug|Any CPU.ActiveCfg = Debug|Any CPU
		{E76F45E2-56D2-46CF-A8E2-DE77C8AF6E81}.Debug|Any CPU.Build.0 = Debug|Any CPU
		{E76F45E2-56D2-46CF-A8E2-DE77C8AF6E81}.Release|Any CPU.ActiveCfg = Release|Any CPU
		{E76F45E2-56D2-46CF-A8E2-DE77C8AF6E81}.Release|Any CPU.Build.0 = Release|Any CPU
		{2450B5DA-2E9D-4993-83C3-55586F490300}.Debug|Any CPU.ActiveCfg = Debug|Any CPU
		{2450B5DA-2E9D-4993-83C3-55586F490300}.Debug|Any CPU.Build.0 = Debug|Any CPU
		{2450B5DA-2E9D-4993-83C3-55586F490300}.Release|Any CPU.ActiveCfg = Release|Any CPU
		{2450B5DA-2E9D-4993-83C3-55586F490300}.Release|Any CPU.Build.0 = Release|Any CPU
		{D5093FD5-F023-443A-86F8-B5A39A14560E}.Debug|Any CPU.ActiveCfg = Debug|Any CPU
		{D5093FD5-F023-443A-86F8-B5A39A14560E}.Debug|Any CPU.Build.0 = Debug|Any CPU
		{D5093FD5-F023-443A-86F8-B5A39A14560E}.Release|Any CPU.ActiveCfg = Release|Any CPU
		{D5093FD5-F023-443A-86F8-B5A39A14560E}.Release|Any CPU.Build.0 = Release|Any CPU
		{23F939B8-506D-46F1-963D-7030E6A7AAE3}.Debug|Any CPU.ActiveCfg = Debug|Any CPU
		{23F939B8-506D-46F1-963D-7030E6A7AAE3}.Debug|Any CPU.Build.0 = Debug|Any CPU
		{23F939B8-506D-46F1-963D-7030E6A7AAE3}.Release|Any CPU.ActiveCfg = Release|Any CPU
		{23F939B8-506D-46F1-963D-7030E6A7AAE3}.Release|Any CPU.Build.0 = Release|Any CPU
		{8388B302-B856-4BE1-98E7-901C9F8A0BE3}.Debug|Any CPU.ActiveCfg = Debug|Any CPU
		{8388B302-B856-4BE1-98E7-901C9F8A0BE3}.Debug|Any CPU.Build.0 = Debug|Any CPU
		{8388B302-B856-4BE1-98E7-901C9F8A0BE3}.Release|Any CPU.ActiveCfg = Release|Any CPU
		{8388B302-B856-4BE1-98E7-901C9F8A0BE3}.Release|Any CPU.Build.0 = Release|Any CPU
	EndGlobalSection
	GlobalSection(SolutionProperties) = preSolution
		HideSolutionNode = FALSE
	EndGlobalSection
	GlobalSection(NestedProjects) = preSolution
		{587A361F-051F-45C1-9CBE-E400830E509A} = {A0D6282E-0213-4E73-8790-01812696AC3C}
		{87BB3ECA-3186-4CD3-B967-1671C4EB151E} = {A0D6282E-0213-4E73-8790-01812696AC3C}
		{E76F45E2-56D2-46CF-A8E2-DE77C8AF6E81} = {F86E5B45-C43B-4E0F-B86B-62D585526BC4}
		{2450B5DA-2E9D-4993-83C3-55586F490300} = {D81E41AE-48B9-4066-9665-3E3BBE7E380B}
		{D5093FD5-F023-443A-86F8-B5A39A14560E} = {F86E5B45-C43B-4E0F-B86B-62D585526BC4}
		{23F939B8-506D-46F1-963D-7030E6A7AAE3} = {D81E41AE-48B9-4066-9665-3E3BBE7E380B}
		{8388B302-B856-4BE1-98E7-901C9F8A0BE3} = {D81E41AE-48B9-4066-9665-3E3BBE7E380B}
	EndGlobalSection
	GlobalSection(ExtensibilityGlobals) = postSolution
		SolutionGuid = {2162C648-AEE9-4DFF-A1D3-940019186C39}
	EndGlobalSection
EndGlobal
